# THIS IS AN AUTOGENERATED FILE. DO NOT EDIT THIS FILE DIRECTLY.
# yarn lockfile v1


"@ampproject/remapping@^2.2.1":
  version "2.3.0"
  dependencies:
    "@jridgewell/gen-mapping" "^0.3.5"
    "@jridgewell/trace-mapping" "^0.3.24"

"@babel/helper-string-parser@^7.27.1":
  version "7.27.1"

"@babel/helper-validator-identifier@^7.27.1":
  version "7.27.1"

"@babel/parser@^7.25.4":
  version "7.27.2"
  dependencies:
    "@babel/types" "^7.27.1"

"@babel/types@^7.25.4", "@babel/types@^7.27.1":
  version "7.27.1"
  dependencies:
    "@babel/helper-string-parser" "^7.27.1"
    "@babel/helper-validator-identifier" "^7.27.1"

"@bcoe/v8-coverage@^0.2.3":
  version "0.2.3"

"@cloudflare/workers-types@^4.20250525.0":
  version "4.20250525.0"
  resolved "https://registry.npmjs.org/@cloudflare/workers-types/-/workers-types-4.20250525.0.tgz"
  integrity sha512-3loeNVJkcDLb9giarUIHmDgvh+/4RtH+R/rHn4BCmME1qKdu73n/hvECYhH8BabCZplF8zQy1wok1MKwXEWC/A==

"@esbuild/darwin-arm64@0.21.5":
  version "0.21.5"

"@istanbuljs/schema@^0.1.2":
  version "0.1.3"

"@jest/schemas@^29.6.3":
  version "29.6.3"
  dependencies:
    "@sinclair/typebox" "^0.27.8"

"@jridgewell/gen-mapping@^0.3.5":
  version "0.3.8"
  dependencies:
    "@jridgewell/set-array" "^1.2.1"
    "@jridgewell/sourcemap-codec" "^1.4.10"
    "@jridgewell/trace-mapping" "^0.3.24"

"@jridgewell/resolve-uri@^3.1.0":
  version "3.1.2"

"@jridgewell/set-array@^1.2.1":
  version "1.2.1"

"@jridgewell/sourcemap-codec@^1.4.10", "@jridgewell/sourcemap-codec@^1.4.14", "@jridgewell/sourcemap-codec@^1.5.0":
  version "1.5.0"

"@jridgewell/trace-mapping@^0.3.23", "@jridgewell/trace-mapping@^0.3.24":
  version "0.3.25"
  dependencies:
    "@jridgewell/resolve-uri" "^3.1.0"
    "@jridgewell/sourcemap-codec" "^1.4.14"

"@rollup/rollup-darwin-arm64@4.41.1":
  version "4.41.1"

"@sinclair/typebox@^0.27.8":
  version "0.27.8"

"@types/estree@^1.0.0", "@types/estree@1.0.7":
  version "1.0.7"

"@types/node@^18.0.0 || >=20.0.0", "@types/node@^22.15.21":
  version "22.15.21"
  resolved "https://registry.npmjs.org/@types/node/-/node-22.15.21.tgz"
  integrity sha512-EV/37Td6c+MgKAbkcLG6vqZ2zEYHD7bvSrzqqs2RIhbA6w3x+Dqz8MZM3sP6kGTeLrdoOgKZe+Xja7tUB2DNkQ==
  dependencies:
    undici-types "~6.21.0"

"@vitest/coverage-v8@^1.0.0":
  version "1.6.1"
  dependencies:
    "@ampproject/remapping" "^2.2.1"
    "@bcoe/v8-coverage" "^0.2.3"
    debug "^4.3.4"
    istanbul-lib-coverage "^3.2.2"
    istanbul-lib-report "^3.0.1"
    istanbul-lib-source-maps "^5.0.4"
    istanbul-reports "^3.1.6"
    magic-string "^0.30.5"
    magicast "^0.3.3"
    picocolors "^1.0.0"
    std-env "^3.5.0"
    strip-literal "^2.0.0"
    test-exclude "^6.0.0"

"@vitest/expect@1.6.1":
  version "1.6.1"
  dependencies:
    "@vitest/spy" "1.6.1"
    "@vitest/utils" "1.6.1"
    chai "^4.3.10"

"@vitest/runner@1.6.1":
  version "1.6.1"
  dependencies:
    "@vitest/utils" "1.6.1"
    p-limit "^5.0.0"
    pathe "^1.1.1"

"@vitest/snapshot@1.6.1":
  version "1.6.1"
  dependencies:
    magic-string "^0.30.5"
    pathe "^1.1.1"
    pretty-format "^29.7.0"

"@vitest/spy@1.6.1":
  version "1.6.1"
  dependencies:
    tinyspy "^2.2.0"

"@vitest/utils@1.6.1":
  version "1.6.1"
  dependencies:
    diff-sequences "^29.6.3"
    estree-walker "^3.0.3"
    loupe "^2.3.7"
    pretty-format "^29.7.0"

acorn-walk@^8.3.2:
  version "8.3.4"
  dependencies:
    acorn "^8.11.0"

acorn@^8.11.0, acorn@^8.14.0:
  version "8.14.1"

ansi-styles@^5.0.0:
  version "5.2.0"

assertion-error@^1.1.0:
  version "1.1.0"

balanced-match@^1.0.0:
  version "1.0.2"

brace-expansion@^1.1.7:
  version "1.1.11"
  dependencies:
    balanced-match "^1.0.0"
    concat-map "0.0.1"

cac@^6.7.14:
  version "6.7.14"

chai@^4.3.10:
  version "4.5.0"
  dependencies:
    assertion-error "^1.1.0"
    check-error "^1.0.3"
    deep-eql "^4.1.3"
    get-func-name "^2.0.2"
    loupe "^2.3.6"
    pathval "^1.1.1"
    type-detect "^4.1.0"

check-error@^1.0.3:
  version "1.0.3"
  dependencies:
    get-func-name "^2.0.2"

concat-map@0.0.1:
  version "0.0.1"

confbox@^0.1.8:
  version "0.1.8"

cross-spawn@^7.0.3:
  version "7.0.6"
  dependencies:
    path-key "^3.1.0"
    shebang-command "^2.0.0"
    which "^2.0.1"

debug@^4.1.1, debug@^4.3.4:
  version "4.4.1"
  dependencies:
    ms "^2.1.3"

deep-eql@^4.1.3:
  version "4.1.4"
  dependencies:
    type-detect "^4.0.0"

diff-sequences@^29.6.3:
  version "29.6.3"

esbuild@^0.21.3:
  version "0.21.5"
  optionalDependencies:
    "@esbuild/aix-ppc64" "0.21.5"
    "@esbuild/android-arm" "0.21.5"
    "@esbuild/android-arm64" "0.21.5"
    "@esbuild/android-x64" "0.21.5"
    "@esbuild/darwin-arm64" "0.21.5"
    "@esbuild/darwin-x64" "0.21.5"
    "@esbuild/freebsd-arm64" "0.21.5"
    "@esbuild/freebsd-x64" "0.21.5"
    "@esbuild/linux-arm" "0.21.5"
    "@esbuild/linux-arm64" "0.21.5"
    "@esbuild/linux-ia32" "0.21.5"
    "@esbuild/linux-loong64" "0.21.5"
    "@esbuild/linux-mips64el" "0.21.5"
    "@esbuild/linux-ppc64" "0.21.5"
    "@esbuild/linux-riscv64" "0.21.5"
    "@esbuild/linux-s390x" "0.21.5"
    "@esbuild/linux-x64" "0.21.5"
    "@esbuild/netbsd-x64" "0.21.5"
    "@esbuild/openbsd-x64" "0.21.5"
    "@esbuild/sunos-x64" "0.21.5"
    "@esbuild/win32-arm64" "0.21.5"
    "@esbuild/win32-ia32" "0.21.5"
    "@esbuild/win32-x64" "0.21.5"

estree-walker@^3.0.3:
  version "3.0.3"
  dependencies:
    "@types/estree" "^1.0.0"

execa@^8.0.1:
  version "8.0.1"
  dependencies:
    cross-spawn "^7.0.3"
    get-stream "^8.0.1"
    human-signals "^5.0.0"
    is-stream "^3.0.0"
    merge-stream "^2.0.0"
    npm-run-path "^5.1.0"
    onetime "^6.0.0"
    signal-exit "^4.1.0"
    strip-final-newline "^3.0.0"

fs.realpath@^1.0.0:
  version "1.0.0"

fsevents@~2.3.2, fsevents@~2.3.3:
  version "2.3.3"

get-func-name@^2.0.1, get-func-name@^2.0.2:
  version "2.0.2"

get-stream@^8.0.1:
  version "8.0.1"

glob@^7.1.4:
  version "7.2.3"
  dependencies:
    fs.realpath "^1.0.0"
    inflight "^1.0.4"
    inherits "2"
    minimatch "^3.1.1"
    once "^1.3.0"
    path-is-absolute "^1.0.0"

has-flag@^4.0.0:
  version "4.0.0"

html-escaper@^2.0.0:
  version "2.0.2"

human-signals@^5.0.0:
  version "5.0.0"

inflight@^1.0.4:
  version "1.0.6"
  dependencies:
    once "^1.3.0"
    wrappy "1"

inherits@2:
  version "2.0.4"

is-stream@^3.0.0:
  version "3.0.0"

isexe@^2.0.0:
  version "2.0.0"

istanbul-lib-coverage@^3.0.0, istanbul-lib-coverage@^3.2.2:
  version "3.2.2"

istanbul-lib-report@^3.0.0, istanbul-lib-report@^3.0.1:
  version "3.0.1"
  dependencies:
    istanbul-lib-coverage "^3.0.0"
    make-dir "^4.0.0"
    supports-color "^7.1.0"

istanbul-lib-source-maps@^5.0.4:
  version "5.0.6"
  dependencies:
    "@jridgewell/trace-mapping" "^0.3.23"
    debug "^4.1.1"
    istanbul-lib-coverage "^3.0.0"

istanbul-reports@^3.1.6:
  version "3.1.7"
  dependencies:
    html-escaper "^2.0.0"
    istanbul-lib-report "^3.0.0"

js-tokens@^9.0.1:
  version "9.0.1"

local-pkg@^0.5.0:
  version "0.5.1"
  dependencies:
    mlly "^1.7.3"
    pkg-types "^1.2.1"

loupe@^2.3.6, loupe@^2.3.7:
  version "2.3.7"
  dependencies:
    get-func-name "^2.0.1"

magic-string@^0.30.5:
  version "0.30.17"
  dependencies:
    "@jridgewell/sourcemap-codec" "^1.5.0"

magicast@^0.3.3:
  version "0.3.5"
  dependencies:
    "@babel/parser" "^7.25.4"
    "@babel/types" "^7.25.4"
    source-map-js "^1.2.0"

make-dir@^4.0.0:
  version "4.0.0"
  dependencies:
    semver "^7.5.3"

merge-stream@^2.0.0:
  version "2.0.0"

mimic-fn@^4.0.0:
  version "4.0.0"

minimatch@^3.0.4, minimatch@^3.1.1:
  version "3.1.2"
  dependencies:
    brace-expansion "^1.1.7"

mlly@^1.7.3, mlly@^1.7.4:
  version "1.7.4"
  dependencies:
    acorn "^8.14.0"
    pathe "^2.0.1"
    pkg-types "^1.3.0"
    ufo "^1.5.4"

ms@^2.1.3:
  version "2.1.3"

nanoid@^3.3.8:
  version "3.3.11"

npm-run-path@^5.1.0:
  version "5.3.0"
  dependencies:
    path-key "^4.0.0"

once@^1.3.0:
  version "1.4.0"
  dependencies:
    wrappy "1"

onetime@^6.0.0:
  version "6.0.0"
  dependencies:
    mimic-fn "^4.0.0"

p-limit@^5.0.0:
  version "5.0.0"
  dependencies:
    yocto-queue "^1.0.0"

path-is-absolute@^1.0.0:
  version "1.0.1"

path-key@^3.1.0:
  version "3.1.1"

path-key@^4.0.0:
  version "4.0.0"

pathe@^1.1.1:
  version "1.1.2"

pathe@^2.0.1:
  version "2.0.3"

pathval@^1.1.1:
  version "1.1.1"

picocolors@^1.0.0, picocolors@^1.1.1:
  version "1.1.1"

pkg-types@^1.2.1, pkg-types@^1.3.0:
  version "1.3.1"
  dependencies:
    confbox "^0.1.8"
    mlly "^1.7.4"
    pathe "^2.0.1"

postcss@^8.4.43:
  version "8.5.3"
  dependencies:
    nanoid "^3.3.8"
    picocolors "^1.1.1"
    source-map-js "^1.2.1"

pretty-format@^29.7.0:
  version "29.7.0"
  dependencies:
    "@jest/schemas" "^29.6.3"
    ansi-styles "^5.0.0"
    react-is "^18.0.0"

react-is@^18.0.0:
  version "18.3.1"

reflect-metadata@^0.2.2:
  version "0.2.2"
  resolved "https://registry.npmjs.org/reflect-metadata/-/reflect-metadata-0.2.2.tgz"
  integrity sha512-urBwgfrvVP/eAyXx4hluJivBKzuEbSQs9rKWCrCkbSxNv8mxPcUZKeuoF3Uy4mJl3Lwprp6yy5/39VWigZ4K6Q==

rollup@^4.20.0:
  version "4.41.1"
  dependencies:
    "@types/estree" "1.0.7"
  optionalDependencies:
    "@rollup/rollup-android-arm-eabi" "4.41.1"
    "@rollup/rollup-android-arm64" "4.41.1"
    "@rollup/rollup-darwin-arm64" "4.41.1"
    "@rollup/rollup-darwin-x64" "4.41.1"
    "@rollup/rollup-freebsd-arm64" "4.41.1"
    "@rollup/rollup-freebsd-x64" "4.41.1"
    "@rollup/rollup-linux-arm-gnueabihf" "4.41.1"
    "@rollup/rollup-linux-arm-musleabihf" "4.41.1"
    "@rollup/rollup-linux-arm64-gnu" "4.41.1"
    "@rollup/rollup-linux-arm64-musl" "4.41.1"
    "@rollup/rollup-linux-loongarch64-gnu" "4.41.1"
    "@rollup/rollup-linux-powerpc64le-gnu" "4.41.1"
    "@rollup/rollup-linux-riscv64-gnu" "4.41.1"
    "@rollup/rollup-linux-riscv64-musl" "4.41.1"
    "@rollup/rollup-linux-s390x-gnu" "4.41.1"
    "@rollup/rollup-linux-x64-gnu" "4.41.1"
    "@rollup/rollup-linux-x64-musl" "4.41.1"
    "@rollup/rollup-win32-arm64-msvc" "4.41.1"
    "@rollup/rollup-win32-ia32-msvc" "4.41.1"
    "@rollup/rollup-win32-x64-msvc" "4.41.1"
    fsevents "~2.3.2"

semver@^7.5.3:
  version "7.7.2"

shebang-command@^2.0.0:
  version "2.0.0"
  dependencies:
    shebang-regex "^3.0.0"

shebang-regex@^3.0.0:
  version "3.0.0"

siginfo@^2.0.0:
  version "2.0.0"

signal-exit@^4.1.0:
  version "4.1.0"

source-map-js@^1.2.0, source-map-js@^1.2.1:
  version "1.2.1"

stackback@0.0.2:
  version "0.0.2"

std-env@^3.5.0:
  version "3.9.0"

strip-final-newline@^3.0.0:
  version "3.0.0"

strip-literal@^2.0.0:
  version "2.1.1"
  dependencies:
    js-tokens "^9.0.1"

supports-color@^7.1.0:
  version "7.2.0"
  dependencies:
    has-flag "^4.0.0"

test-exclude@^6.0.0:
  version "6.0.0"
  dependencies:
    "@istanbuljs/schema" "^0.1.2"
    glob "^7.1.4"
    minimatch "^3.0.4"

tinybench@^2.5.1:
  version "2.9.0"

tinypool@^0.8.3:
  version "0.8.4"

tinyspy@^2.2.0:
  version "2.2.1"

tslib@^1.9.3:
  version "1.14.1"
  resolved "https://registry.npmjs.org/tslib/-/tslib-1.14.1.tgz"
  integrity sha512-Xni35NKzjgMrwevysHTCArtLDpPvye8zV/0E4EyYn43P7/7qvQwPh9BGkHewbMulVntbigmcT7rdX3BNo9wRJg==

tsyringe@^4.10.0:
  version "4.10.0"
  resolved "https://registry.npmjs.org/tsyringe/-/tsyringe-4.10.0.tgz"
  integrity sha512-axr3IdNuVIxnaK5XGEUFTu3YmAQ6lllgrvqfEoR16g/HGnYY/6We4oWENtAnzK6/LpJ2ur9PAb80RBt7/U4ugw==
  dependencies:
    tslib "^1.9.3"

type-detect@^4.0.0, type-detect@^4.1.0:
  version "4.1.0"

typescript@^5.8.3:
  version "5.8.3"
  resolved "https://registry.npmjs.org/typescript/-/typescript-5.8.3.tgz"
  integrity sha512-p1diW6TqL9L07nNxvRMM7hMMw4c5XOo/1ibL4aAIGmSAt9slTE1Xgw5KWuof2uTOvCg9BY7ZRi+GaF+7sfgPeQ==

ufo@^1.5.4:
  version "1.6.1"

undici-types@~6.21.0:
  version "6.21.0"
  resolved "https://registry.npmjs.org/undici-types/-/undici-types-6.21.0.tgz"
  integrity sha512-iwDZqg0QAGrg9Rav5H4n0M64c3mkR59cJ6wQp+7C4nI0gsmExaedaYLNO44eT4AtBBwjbTiGPMlt2Md0T9H9JQ==

vite-node@1.6.1:
  version "1.6.1"
  dependencies:
    cac "^6.7.14"
    debug "^4.3.4"
    pathe "^1.1.1"
    picocolors "^1.0.0"
    vite "^5.0.0"

vite@^5.0.0:
  version "5.4.19"
  dependencies:
    esbuild "^0.21.3"
    postcss "^8.4.43"
    rollup "^4.20.0"
  optionalDependencies:
    fsevents "~2.3.3"

vitest@^1.0.0, vitest@1.6.1:
  version "1.6.1"
  dependencies:
    "@vitest/expect" "1.6.1"
    "@vitest/runner" "1.6.1"
    "@vitest/snapshot" "1.6.1"
    "@vitest/spy" "1.6.1"
    "@vitest/utils" "1.6.1"
    acorn-walk "^8.3.2"
    chai "^4.3.10"
    debug "^4.3.4"
    execa "^8.0.1"
    local-pkg "^0.5.0"
    magic-string "^0.30.5"
    pathe "^1.1.1"
    picocolors "^1.0.0"
    std-env "^3.5.0"
    strip-literal "^2.0.0"
    tinybench "^2.5.1"
    tinypool "^0.8.3"
    vite "^5.0.0"
    vite-node "1.6.1"
    why-is-node-running "^2.2.2"

which@^2.0.1:
  version "2.0.2"
  dependencies:
    isexe "^2.0.0"

why-is-node-running@^2.2.2:
  version "2.3.0"
  dependencies:
    siginfo "^2.0.0"
    stackback "0.0.2"

wrappy@1:
  version "1.0.2"

yocto-queue@^1.0.0:
  version "1.2.1"
